
Microsoft Visual Studio Solution File, Format Version 12.00
# Visual Studio Version 17
VisualStudioVersion = 17.1.32328.378
MinimumVisualStudioVersion = 10.0.40219.1
Project("{9A19103F-16F7-4668-BE54-9A1E7A4F7556}") = "DestinyOSTListGen", "DestinyOSTListGen.csproj", "{0D48CAF5-A3B6-4227-BEED-849CD832E962}"
	ProjectSection(ProjectDependencies) = postProject
		{60786CC4-4738-4422-A49B-24AAAC8D35D8} = {60786CC4-4738-4422-A49B-24AAAC8D35D8}
	EndProjectSection
EndProject
Project("{9A19103F-16F7-4668-BE54-9A1E7A4F7556}") = "WwiseParserLib", "..\WwiseParser\WwiseParserLib\WwiseParserLib.csproj", "{60786CC4-4738-4422-A49B-24AAAC8D35D8}"
EndProject
Global
	GlobalSection(SolutionConfigurationPlatforms) = preSolution
		Debug|Any CPU = Debug|Any CPU
		Debug|x64 = Debug|x64
		Release|Any CPU = Release|Any CPU
		Release|x64 = Release|x64
	EndGlobalSection
	GlobalSection(ProjectConfigurationPlatforms) = postSolution
		{0D48CAF5-A3B6-4227-BEED-849CD832E962}.Debug|Any CPU.ActiveCfg = Debug|Any CPU
		{0D48CAF5-A3B6-4227-BEED-849CD832E962}.Debug|Any CPU.Build.0 = Debug|Any CPU
		{0D48CAF5-A3B6-4227-BEED-849CD832E962}.Debug|x64.ActiveCfg = Debug|Any CPU
		{0D48CAF5-A3B6-4227-BEED-849CD832E962}.Debug|x64.Build.0 = Debug|Any CPU
		{0D48CAF5-A3B6-4227-BEED-849CD832E962}.Release|Any CPU.ActiveCfg = Release|Any CPU
		{0D48CAF5-A3B6-4227-BEED-849CD832E962}.Release|Any CPU.Build.0 = Release|Any CPU
		{0D48CAF5-A3B6-4227-BEED-849CD832E962}.Release|x64.ActiveCfg = Release|Any CPU
		{0D48CAF5-A3B6-4227-BEED-849CD832E962}.Release|x64.Build.0 = Release|Any CPU
		{60786CC4-4738-4422-A49B-24AAAC8D35D8}.Debug|Any CPU.ActiveCfg = Debug|Any CPU
		{60786CC4-4738-4422-A49B-24AAAC8D35D8}.Debug|Any CPU.Build.0 = Debug|Any CPU
		{60786CC4-4738-4422-A49B-24AAAC8D35D8}.Debug|x64.ActiveCfg = Debug|Any CPU
		{60786CC4-4738-4422-A49B-24AAAC8D35D8}.Debug|x64.Build.0 = Debug|Any CPU
		{60786CC4-4738-4422-A49B-24AAAC8D35D8}.Release|Any CPU.ActiveCfg = Release|Any CPU
		{60786CC4-4738-4422-A49B-24AAAC8D35D8}.Release|Any CPU.Build.0 = Release|Any CPU
		{60786CC4-4738-4422-A49B-24AAAC8D35D8}.Release|x64.ActiveCfg = Release|Any CPU
		{60786CC4-4738-4422-A49B-24AAAC8D35D8}.Release|x64.Build.0 = Release|Any CPU
	EndGlobalSection
	GlobalSection(SolutionProperties) = preSolution
		HideSolutionNode = FALSE
	EndGlobalSection
	GlobalSection(ExtensibilityGlobals) = postSolution
		SolutionGuid = {6E9F8188-F0F5-481A-9B83-2171141EB744}
	EndGlobalSection
EndGlobal
